// !$*UTF8*$!
{
	archiveVersion = 1;
	classes = {
	};
	objectVersion = 55;
	objects = {

/* Begin PBXBuildFile section */
		7F2E58DA2847548D00AAA819 /* AppDelegate.swift in Sources */ = {isa = PBXBuildFile; fileRef = 7F2E58D92847548D00AAA819 /* AppDelegate.swift */; };
		7F2E58DC2847548D00AAA819 /* SceneDelegate.swift in Sources */ = {isa = PBXBuildFile; fileRef = 7F2E58DB2847548D00AAA819 /* SceneDelegate.swift */; };
		7F2E58DE2847548D00AAA819 /* ViewController.swift in Sources */ = {isa = PBXBuildFile; fileRef = 7F2E58DD2847548D00AAA819 /* ViewController.swift */; };
		7F2E58E12847548D00AAA819 /* Main.storyboard in Resources */ = {isa = PBXBuildFile; fileRef = 7F2E58DF2847548D00AAA819 /* Main.storyboard */; };
		7F2E58E32847548F00AAA819 /* Assets.xcassets in Resources */ = {isa = PBXBuildFile; fileRef = 7F2E58E22847548F00AAA819 /* Assets.xcassets */; };
		7F2E58E62847548F00AAA819 /* LaunchScreen.storyboard in Resources */ = {isa = PBXBuildFile; fileRef = 7F2E58E42847548F00AAA819 /* LaunchScreen.storyboard */; };
		7F2E58EF284754DC00AAA819 /* xbInAppPurchase.swift in Sources */ = {isa = PBXBuildFile; fileRef = 7F2E58EE284754DC00AAA819 /* xbInAppPurchase.swift */; };
/* End PBXBuildFile section */

/* Begin PBXFileReference section */
		7F2E58D62847548D00AAA819 /* xbInAppPurchaseDemo.app */ = {isa = PBXFileReference; explicitFileType = wrapper.application; includeInIndex = 0; path = xbInAppPurchaseDemo.app; sourceTree = BUILT_PRODUCTS_DIR; };
		7F2E58D92847548D00AAA819 /* AppDelegate.swift */ = {isa = PBXFileReference; lastKnownFileType = sourcecode.swift; path = AppDelegate.swift; sourceTree = "<group>"; };
		7F2E58DB2847548D00AAA819 /* SceneDelegate.swift */ = {isa = PBXFileReference; lastKnownFileType = sourcecode.swift; path = SceneDelegate.swift; sourceTree = "<group>"; };
		7F2E58DD2847548D00AAA819 /* ViewController.swift */ = {isa = PBXFileReference; lastKnownFileType = sourcecode.swift; path = ViewController.swift; sourceTree = "<group>"; };
		7F2E58E02847548D00AAA819 /* Base */ = {isa = PBXFileReference; lastKnownFileType = file.storyboard; name = Base; path = Base.lproj/Main.storyboard; sourceTree = "<group>"; };
		7F2E58E22847548F00AAA819 /* Assets.xcassets */ = {isa = PBXFileReference; lastKnownFileType = folder.assetcatalog; path = Assets.xcassets; sourceTree = "<group>"; };
		7F2E58E52847548F00AAA819 /* Base */ = {isa = PBXFileReference; lastKnownFileType = file.storyboard; name = Base; path = Base.lproj/LaunchScreen.storyboard; sourceTree = "<group>"; };
		7F2E58E72847548F00AAA819 /* Info.plist */ = {isa = PBXFileReference; lastKnownFileType = text.plist.xml; path = Info.plist; sourceTree = "<group>"; };
		7F2E58EE284754DC00AAA819 /* xbInAppPurchase.swift */ = {isa = PBXFileReference; fileEncoding = 4; lastKnownFileType = sourcecode.swift; path = xbInAppPurchase.swift; sourceTree = "<group>"; };
/* End PBXFileReference section */

/* Begin PBXFrameworksBuildPhase section */
		7F2E58D32847548D00AAA819 /* Frameworks */ = {
			isa = PBXFrameworksBuildPhase;
			buildActionMask = 2147483647;
			files = (
			);
			runOnlyForDeploymentPostprocessing = 0;
		};
/* End PBXFrameworksBuildPhase section */

/* Begin PBXGroup section */
		7F2E58CD2847548D00AAA819 = {
			isa = PBXGroup;
			children = (
				7F2E58D82847548D00AAA819 /* xbInAppPurchaseDemo */,
				7F2E58D72847548D00AAA819 /* Products */,
			);
			sourceTree = "<group>";
		};
		7F2E58D72847548D00AAA819 /* Products */ = {
			isa = PBXGroup;
			children = (
				7F2E58D62847548D00AAA819 /* xbInAppPurchaseDemo.app */,
			);
			name = Products;
			sourceTree = "<group>";
		};
		7F2E58D82847548D00AAA819 /* xbInAppPurchaseDemo */ = {
			isa = PBXGroup;
			children = (
				7F2E58ED284754DC00AAA819 /* xbInAppPurchase */,
				7F2E58D92847548D00AAA819 /* AppDelegate.swift */,
				7F2E58DB2847548D00AAA819 /* SceneDelegate.swift */,
				7F2E58DD2847548D00AAA819 /* ViewController.swift */,
				7F2E58DF2847548D00AAA819 /* Main.storyboard */,
				7F2E58E22847548F00AAA819 /* Assets.xcassets */,
				7F2E58E42847548F00AAA819 /* LaunchScreen.storyboard */,
				7F2E58E72847548F00AAA819 /* Info.plist */,
			);
			path = xbInAppPurchaseDemo;
			sourceTree = "<group>";
		};
		7F2E58ED284754DC00AAA819 /* xbInAppPurchase */ = {
			isa = PBXGroup;
			children = (
				7F2E58EE284754DC00AAA819 /* xbInAppPurchase.swift */,
			);
			name = xbInAppPurchase;
			path = ../../xbInAppPurchase;
			sourceTree = "<group>";
		};
/* End PBXGroup section */

/* Begin PBXNativeTarget section */
		7F2E58D52847548D00AAA819 /* xbInAppPurchaseDemo */ = {
			isa = PBXNativeTarget;
			buildConfigurationList = 7F2E58EA2847548F00AAA819 /* Build configuration list for PBXNativeTarget "xbInAppPurchaseDemo" */;
			buildPhases = (
				7F2E58D22847548D00AAA819 /* Sources */,
				7F2E58D32847548D00AAA819 /* Frameworks */,
				7F2E58D42847548D00AAA819 /* Resources */,
			);
			buildRules = (
			);
			dependencies = (
			);
			name = xbInAppPurchaseDemo;
			productName = xbInAppPurchaseDemo;
			productReference = 7F2E58D62847548D00AAA819 /* xbInAppPurchaseDemo.app */;
			productType = "com.apple.product-type.application";
		};
/* End PBXNativeTarget section */

/* Begin PBXProject section */
		7F2E58CE2847548D00AAA819 /* Project object */ = {
			isa = PBXProject;
			attributes = {
				BuildIndependentTargetsInParallel = 1;
				LastSwiftUpdateCheck = 1330;
				LastUpgradeCheck = 1330;
				TargetAttributes = {
					7F2E58D52847548D00AAA819 = {
						CreatedOnToolsVersion = 13.3;
					};
				};
			};
			buildConfigurationList = 7F2E58D12847548D00AAA819 /* Build configuration list for PBXProject "xbInAppPurchaseDemo" */;
			compatibilityVersion = "Xcode 13.0";
			developmentRegion = en;
			hasScannedForEncodings = 0;
			knownRegions = (
				en,
				Base,
			);
			mainGroup = 7F2E58CD2847548D00AAA819;
			productRefGroup = 7F2E58D72847548D00AAA819 /* Products */;
			projectDirPath = "";
			projectRoot = "";
			targets = (
				7F2E58D52847548D00AAA819 /* xbInAppPurchaseDemo */,
			);
		};
/* End PBXProject section */

/* Begin PBXResourcesBuildPhase section */
		7F2E58D42847548D00AAA819 /* Resources */ = {
			isa = PBXResourcesBuildPhase;
			buildActionMask = 2147483647;
			files = (
				7F2E58E62847548F00AAA819 /* LaunchScreen.storyboard in Resources */,
				7F2E58E32847548F00AAA819 /* Assets.xcassets in Resources */,
				7F2E58E12847548D00AAA819 /* Main.storyboard in Resources */,
			);
			runOnlyForDeploymentPostprocessing = 0;
		};
/* End PBXResourcesBuildPhase section */

/* Begin PBXSourcesBuildPhase section */
		7F2E58D22847548D00AAA819 /* Sources */ = {
			isa = PBXSourcesBuildPhase;
			buildActionMask = 2147483647;
			files = (
				7F2E58DE2847548D00AAA819 /* ViewController.swift in Sources */,
				7F2E58EF284754DC00AAA819 /* xbInAppPurchase.swift in Sources */,
				7F2E58DA2847548D00AAA819 /* AppDelegate.swift in Sources */,
				7F2E58DC2847548D00AAA819 /* SceneDelegate.swift in Sources */,
			);
			runOnlyForDeploymentPostprocessing = 0;
		};
/* End PBXSourcesBuildPhase section */

/* Begin PBXVariantGroup section */
		7F2E58DF2847548D00AAA819 /* Main.storyboard */ = {
			isa = PBXVariantGroup;
			children = (
				7F2E58E02847548D00AAA819 /* Base */,
			);
			name = Main.storyboard;
			sourceTree = "<group>";
		};
		7F2E58E42847548F00AAA819 /* LaunchScreen.storyboard */ = {
			isa = PBXVariantGroup;
			children = (
				7F2E58E52847548F00AAA819 /* Base */,
			);
			name = LaunchScreen.storyboard;
			sourceTree = "<group>";
		};
/* End PBXVariantGroup section */

/* Begin XCBuildConfiguration section */
		7F2E58E82847548F00AAA819 /* Debug */ = {
			isa = XCBuildConfiguration;
			buildSettings = {
				ALWAYS_SEARCH_USER_PATHS = NO;
				CLANG_ANALYZER_NONNULL = YES;
				CLANG_ANALYZER_NUMBER_OBJECT_CONVERSION = YES_AGGRESSIVE;
				CLANG_CXX_LANGUAGE_STANDARD = "gnu++17";
				CLANG_ENABLE_MODULES = YES;
				CLANG_ENABLE_OBJC_ARC = YES;
				CLANG_ENABLE_OBJC_WEAK = YES;
				CLANG_WARN_BLOCK_CAPTURE_AUTORELEASING = YES;
				CLANG_WARN_BOOL_CONVERSION = YES;
				CLANG_WARN_COMMA = YES;
				CLANG_WARN_CONSTANT_CONVERSION = YES;
				CLANG_WARN_DEPRECATED_OBJC_IMPLEMENTATIONS = YES;
				CLANG_WARN_DIRECT_OBJC_ISA_USAGE = YES_ERROR;
				CLANG_WARN_DOCUMENTATION_COMMENTS = YES;
				CLANG_WARN_EMPTY_BODY = YES;
				CLANG_WARN_ENUM_CONVERSION = YES;
				CLANG_WARN_INFINITE_RECURSION = YES;
				CLANG_WARN_INT_CONVERSION = YES;
				CLANG_WARN_NON_LITERAL_NULL_CONVERSION = YES;
				CLANG_WARN_OBJC_IMPLICIT_RETAIN_SELF = YES;
				CLANG_WARN_OBJC_LITERAL_CONVERSION = YES;
				CLANG_WARN_OBJC_ROOT_CLASS = YES_ERROR;
				CLANG_WARN_QUOTED_INCLUDE_IN_FRAMEWORK_HEADER = YES;
				CLANG_WARN_RANGE_LOOP_ANALYSIS = YES;
				CLANG_WARN_STRICT_PROTOTYPES = YES;
				CLANG_WARN_SUSPICIOUS_MOVE = YES;
				CLANG_WARN_UNGUARDED_AVAILABILITY = YES_AGGRESSIVE;
				CLANG_WARN_UNREACHABLE_CODE = YES;
				CLANG_WARN__DUPLICATE_METHOD_MATCH = YES;
				COPY_PHASE_STRIP = NO;
				DEBUG_INFORMATION_FORMAT = dwarf;
				ENABLE_STRICT_OBJC_MSGSEND = YES;
				ENABLE_TESTABILITY = YES;
				GCC_C_LANGUAGE_STANDARD = gnu11;
				GCC_DYNAMIC_NO_PIC = NO;
				GCC_NO_COMMON_BLOCKS = YES;
				GCC_OPTIMIZATION_LEVEL = 0;
				GCC_PREPROCESSOR_DEFINITIONS = (
					"DEBUG=1",
					"$(inherited)",
				);
				GCC_WARN_64_TO_32_BIT_CONVERSION = YES;
				GCC_WARN_ABOUT_RETURN_TYPE = YES_ERROR;
				GCC_WARN_UNDECLARED_SELECTOR = YES;
				GCC_WARN_UNINITIALIZED_AUTOS = YES_AGGRESSIVE;
				GCC_WARN_UNUSED_FUNCTION = YES;
				GCC_WARN_UNUSED_VARIABLE = YES;
				IPHONEOS_DEPLOYMENT_TARGET = 9.0;
				MTL_ENABLE_DEBUG_INFO = INCLUDE_SOURCE;
				MTL_FAST_MATH = YES;
				ONLY_ACTIVE_ARCH = YES;
				SDKROOT = iphoneos;
				SWIFT_ACTIVE_COMPILATION_CONDITIONS = DEBUG;
				SWIFT_OPTIMIZATION_LEVEL = "-Onone";
			};
			name = Debug;
		};
		7F2E58E92847548F00AAA819 /* Release */ = {
			isa = XCBuildConfiguration;
			buildSettings = {
				ALWAYS_SEARCH_USER_PATHS = NO;
				CLANG_ANALYZER_NONNULL = YES;
				CLANG_ANALYZER_NUMBER_OBJECT_CONVERSION = YES_AGGRESSIVE;
				CLANG_CXX_LANGUAGE_STANDARD = "gnu++17";
				CLANG_ENABLE_MODULES = YES;
				CLANG_ENABLE_OBJC_ARC = YES;
				CLANG_ENABLE_OBJC_WEAK = YES;
				CLANG_WARN_BLOCK_CAPTURE_AUTORELEASING = YES;
				CLANG_WARN_BOOL_CONVERSION = YES;
				CLANG_WARN_COMMA = YES;
				CLANG_WARN_CONSTANT_CONVERSION = YES;
				CLANG_WARN_DEPRECATED_OBJC_IMPLEMENTATIONS = YES;
				CLANG_WARN_DIRECT_OBJC_ISA_USAGE = YES_ERROR;
				CLANG_WARN_DOCUMENTATION_COMMENTS = YES;
				CLANG_WARN_EMPTY_BODY = YES;
				CLANG_WARN_ENUM_CONVERSION = YES;
				CLANG_WARN_INFINITE_RECURSION = YES;
				CLANG_WARN_INT_CONVERSION = YES;
				CLANG_WARN_NON_LITERAL_NULL_CONVERSION = YES;
				CLANG_WARN_OBJC_IMPLICIT_RETAIN_SELF = YES;
				CLANG_WARN_OBJC_LITERAL_CONVERSION = YES;
				CLANG_WARN_OBJC_ROOT_CLASS = YES_ERROR;
				CLANG_WARN_QUOTED_INCLUDE_IN_FRAMEWORK_HEADER = YES;
				CLANG_WARN_RANGE_LOOP_ANALYSIS = YES;
				CLANG_WARN_STRICT_PROTOTYPES = YES;
				CLANG_WARN_SUSPICIOUS_MOVE = YES;
				CLANG_WARN_UNGUARDED_AVAILABILITY = YES_AGGRESSIVE;
				CLANG_WARN_UNREACHABLE_CODE = YES;
				CLANG_WARN__DUPLICATE_METHOD_MATCH = YES;
				COPY_PHASE_STRIP = NO;
				DEBUG_INFORMATION_FORMAT = "dwarf-with-dsym";
				ENABLE_NS_ASSERTIONS = NO;
				ENABLE_STRICT_OBJC_MSGSEND = YES;
				GCC_C_LANGUAGE_STANDARD = gnu11;
				GCC_NO_COMMON_BLOCKS = YES;
				GCC_WARN_64_TO_32_BIT_CONVERSION = YES;
				GCC_WARN_ABOUT_RETURN_TYPE = YES_ERROR;
				GCC_WARN_UNDECLARED_SELECTOR = YES;
				GCC_WARN_UNINITIALIZED_AUTOS = YES_AGGRESSIVE;
				GCC_WARN_UNUSED_FUNCTION = YES;
				GCC_WARN_UNUSED_VARIABLE = YES;
				IPHONEOS_DEPLOYMENT_TARGET = 9.0;
				MTL_ENABLE_DEBUG_INFO = NO;
				MTL_FAST_MATH = YES;
				SDKROOT = iphoneos;
				SWIFT_COMPILATION_MODE = wholemodule;
				SWIFT_OPTIMIZATION_LEVEL = "-O";
				VALIDATE_PRODUCT = YES;
			};
			name = Release;
		};
		7F2E58EB2847548F00AAA819 /* Debug */ = {
			isa = XCBuildConfiguration;
			buildSettings = {
				ASSETCATALOG_COMPILER_APPICON_NAME = AppIcon;
				ASSETCATALOG_COMPILER_GLOBAL_ACCENT_COLOR_NAME = AccentColor;
				CODE_SIGN_STYLE = Automatic;
				CURRENT_PROJECT_VERSION = 1;
				DEVELOPMENT_TEAM = FGWS3XA7Q8;
				GENERATE_INFOPLIST_FILE = YES;
				INFOPLIST_FILE = xbInAppPurchaseDemo/Info.plist;
				INFOPLIST_KEY_UIApplicationSupportsIndirectInputEvents = YES;
				INFOPLIST_KEY_UILaunchStoryboardName = LaunchScreen;
				INFOPLIST_KEY_UIMainStoryboardFile = Main;
				INFOPLIST_KEY_UISupportedInterfaceOrientations = UIInterfaceOrientationPortrait;
				INFOPLIST_KEY_UISupportedInterfaceOrientations_iPad = "UIInterfaceOrientationPortrait UIInterfaceOrientationPortraitUpsideDown UIInterfaceOrientationLandscapeLeft UIInterfaceOrientationLandscapeRight";
				INFOPLIST_KEY_UISupportedInterfaceOrientations_iPhone = "UIInterfaceOrientationPortrait UIInterfaceOrientationLandscapeLeft UIInterfaceOrientationLandscapeRight";
				IPHONEOS_DEPLOYMENT_TARGET = 9.0;
				LD_RUNPATH_SEARCH_PATHS = (
					"$(inherited)",
					"@executable_path/Frameworks",
				);
				MARKETING_VERSION = 1.0;
				PRODUCT_BUNDLE_IDENTIFIER = com.huadong.xbInAppPurchaseDemo;
				PRODUCT_NAME = "$(TARGET_NAME)";
				SWIFT_EMIT_LOC_STRINGS = YES;
				SWIFT_VERSION = 5.0;
				TARGETED_DEVICE_FAMILY = "1,2";
			};
			name = Debug;
		};
		7F2E58EC2847548F00AAA819 /* Release */ = {
			isa = XCBuildConfiguration;
			buildSettings = {
				ASSETCATALOG_COMPILER_APPICON_NAME = AppIcon;
				ASSETCATALOG_COMPILER_GLOBAL_ACCENT_COLOR_NAME = AccentColor;
				CODE_SIGN_STYLE = Automatic;
				CURRENT_PROJECT_VERSION = 1;
				DEVELOPMENT_TEAM = FGWS3XA7Q8;
				GENERATE_INFOPLIST_FILE = YES;
				INFOPLIST_FILE = xbInAppPurchaseDemo/Info.plist;
				INFOPLIST_KEY_UIApplicationSupportsIndirectInputEvents = YES;
				INFOPLIST_KEY_UILaunchStoryboardName = LaunchScreen;
				INFOPLIST_KEY_UIMainStoryboardFile = Main;
				INFOPLIST_KEY_UISupportedInterfaceOrientations = UIInterfaceOrientationPortrait;
				INFOPLIST_KEY_UISupportedInterfaceOrientations_iPad = "UIInterfaceOrientationPortrait UIInterfaceOrientationPortraitUpsideDown UIInterfaceOrientationLandscapeLeft UIInterfaceOrientationLandscapeRight";
				INFOPLIST_KEY_UISupportedInterfaceOrientations_iPhone = "UIInterfaceOrientationPortrait UIInterfaceOrientationLandscapeLeft UIInterfaceOrientationLandscapeRight";
				IPHONEOS_DEPLOYMENT_TARGET = 9.0;
				LD_RUNPATH_SEARCH_PATHS = (
					"$(inherited)",
					"@executable_path/Frameworks",
				);
				MARKETING_VERSION = 1.0;
				PRODUCT_BUNDLE_IDENTIFIER = com.huadong.xbInAppPurchaseDemo;
				PRODUCT_NAME = "$(TARGET_NAME)";
				SWIFT_EMIT_LOC_STRINGS = YES;
				SWIFT_VERSION = 5.0;
				TARGETED_DEVICE_FAMILY = "1,2";
			};
			name = Release;
		};
/* End XCBuildConfiguration section */

/* Begin XCConfigurationList section */
		7F2E58D12847548D00AAA819 /* Build configuration list for PBXProject "xbInAppPurchaseDemo" */ = {
			isa = XCConfigurationList;
			buildConfigurations = (
				7F2E58E82847548F00AAA819 /* Debug */,
				7F2E58E92847548F00AAA819 /* Release */,
			);
			defaultConfigurationIsVisible = 0;
			defaultConfigurationName = Release;
		};
		7F2E58EA2847548F00AAA819 /* Build configuration list for PBXNativeTarget "xbInAppPurchaseDemo" */ = {
			isa = XCConfigurationList;
			buildConfigurations = (
				7F2E58EB2847548F00AAA819 /* Debug */,
				7F2E58EC2847548F00AAA819 /* Release */,
			);
			defaultConfigurationIsVisible = 0;
			defaultConfigurationName = Release;
		};
/* End XCConfigurationList section */
	};
	rootObject = 7F2E58CE2847548D00AAA819 /* Project object */;
}
